
Microsoft Visual Studio Solution File, Format Version 12.00
# Visual Studio Version 17
VisualStudioVersion = 17.3.32901.215
MinimumVisualStudioVersion = 10.0.40219.1
Project("{FAE04EC0-301F-11D3-BF4B-00C04F79EFBC}") = "WinFormsPlayground", "WinFormsPlayground\WinFormsPlayground.csproj", "{ECEAE82A-3CB1-4D53-80A9-57C08A8992C1}"
EndProject
Global
	GlobalSection(SolutionConfigurationPlatforms) = preSolution
		Debug|Any CPU = Debug|Any CPU
		Release|Any CPU = Release|Any CPU
	EndGlobalSection
	GlobalSection(ProjectConfigurationPlatforms) = postSolution
		{ECEAE82A-3CB1-4D53-80A9-57C08A8992C1}.Debug|Any CPU.ActiveCfg = Debug|Any CPU
		{ECEAE82A-3CB1-4D53-80A9-57C08A8992C1}.Debug|Any CPU.Build.0 = Debug|Any CPU
		{ECEAE82A-3CB1-4D53-80A9-57C08A8992C1}.Release|Any CPU.ActiveCfg = Release|Any CPU
		{ECEAE82A-3CB1-4D53-80A9-57C08A8992C1}.Release|Any CPU.Build.0 = Release|Any CPU
	EndGlobalSection
	GlobalSection(SolutionProperties) = preSolution
		HideSolutionNode = FALSE
	EndGlobalSection
	GlobalSection(ExtensibilityGlobals) = postSolution
		SolutionGuid = {B50A5463-E35F-4323-8ECE-254BEE625512}
	EndGlobalSection
EndGlobal
